
Microsoft Visual Studio Solution File, Format Version 12.00
# Visual Studio Version 16
VisualStudioVersion = 16.0.30804.86
MinimumVisualStudioVersion = 10.0.40219.1
Project("{8BC9CEB8-8B4A-11D0-8D11-00A0C91BC942}") = "比特作业1,11", "比特作业1,11.vcxproj", "{A42C9D47-D46C-4A8B-9E9F-8A6A73356CCE}"
EndProject
Global
	GlobalSection(SolutionConfigurationPlatforms) = preSolution
		Debug|x64 = Debug|x64
		Debug|x86 = Debug|x86
		Release|x64 = Release|x64
		Release|x86 = Release|x86
	EndGlobalSection
	GlobalSection(ProjectConfigurationPlatforms) = postSolution
		{A42C9D47-D46C-4A8B-9E9F-8A6A73356CCE}.Debug|x64.ActiveCfg = Debug|x64
		{A42C9D47-D46C-4A8B-9E9F-8A6A73356CCE}.Debug|x64.Build.0 = Debug|x64
		{A42C9D47-D46C-4A8B-9E9F-8A6A73356CCE}.Debug|x86.ActiveCfg = Debug|Win32
		{A42C9D47-D46C-4A8B-9E9F-8A6A73356CCE}.Debug|x86.Build.0 = Debug|Win32
		{A42C9D47-D46C-4A8B-9E9F-8A6A73356CCE}.Release|x64.ActiveCfg = Release|x64
		{A42C9D47-D46C-4A8B-9E9F-8A6A73356CCE}.Release|x64.Build.0 = Release|x64
		{A42C9D47-D46C-4A8B-9E9F-8A6A73356CCE}.Release|x86.ActiveCfg = Release|Win32
		{A42C9D47-D46C-4A8B-9E9F-8A6A73356CCE}.Release|x86.Build.0 = Release|Win32
	EndGlobalSection
	GlobalSection(SolutionProperties) = preSolution
		HideSolutionNode = FALSE
	EndGlobalSection
	GlobalSection(ExtensibilityGlobals) = postSolution
		SolutionGuid = {61188097-B41B-49D1-86B5-3FFB6C30E342}
	EndGlobalSection
EndGlobal
