
Microsoft Visual Studio Solution File, Format Version 12.00
# Visual Studio Version 16
VisualStudioVersion = 16.0.30907.101
MinimumVisualStudioVersion = 10.0.40219.1
Project("{8BC9CEB8-8B4A-11D0-8D11-00A0C91BC942}") = "1.25", "1.25.vcxproj", "{D84A5A3E-3F55-450A-BD6F-24580E4A6BCC}"
EndProject
Global
	GlobalSection(SolutionConfigurationPlatforms) = preSolution
		Debug|x64 = Debug|x64
		Debug|x86 = Debug|x86
		Release|x64 = Release|x64
		Release|x86 = Release|x86
	EndGlobalSection
	GlobalSection(ProjectConfigurationPlatforms) = postSolution
		{D84A5A3E-3F55-450A-BD6F-24580E4A6BCC}.Debug|x64.ActiveCfg = Debug|x64
		{D84A5A3E-3F55-450A-BD6F-24580E4A6BCC}.Debug|x64.Build.0 = Debug|x64
		{D84A5A3E-3F55-450A-BD6F-24580E4A6BCC}.Debug|x86.ActiveCfg = Debug|Win32
		{D84A5A3E-3F55-450A-BD6F-24580E4A6BCC}.Debug|x86.Build.0 = Debug|Win32
		{D84A5A3E-3F55-450A-BD6F-24580E4A6BCC}.Release|x64.ActiveCfg = Release|x64
		{D84A5A3E-3F55-450A-BD6F-24580E4A6BCC}.Release|x64.Build.0 = Release|x64
		{D84A5A3E-3F55-450A-BD6F-24580E4A6BCC}.Release|x86.ActiveCfg = Release|Win32
		{D84A5A3E-3F55-450A-BD6F-24580E4A6BCC}.Release|x86.Build.0 = Release|Win32
	EndGlobalSection
	GlobalSection(SolutionProperties) = preSolution
		HideSolutionNode = FALSE
	EndGlobalSection
	GlobalSection(ExtensibilityGlobals) = postSolution
		SolutionGuid = {A9FE082A-A187-49F5-B8FC-4670F938EEA9}
	EndGlobalSection
EndGlobal
